
Microsoft Visual Studio Solution File, Format Version 12.00
# Visual Studio Version 16
VisualStudioVersion = 16.0.33027.164
MinimumVisualStudioVersion = 10.0.40219.1
Project("{FAE04EC0-301F-11D3-BF4B-00C04F79EFBC}") = "CustomUserManagement", "CustomUserManagement.csproj", "{EF263CEA-9912-4FBA-BE39-1850B31C57B9}"
EndProject
Global
	GlobalSection(SolutionConfigurationPlatforms) = preSolution
		Debug|Any CPU = Debug|Any CPU
		Release|Any CPU = Release|Any CPU
	EndGlobalSection
	GlobalSection(ProjectConfigurationPlatforms) = postSolution
		{EF263CEA-9912-4FBA-BE39-1850B31C57B9}.Debug|Any CPU.ActiveCfg = Debug|Any CPU
		{EF263CEA-9912-4FBA-BE39-1850B31C57B9}.Debug|Any CPU.Build.0 = Debug|Any CPU
		{EF263CEA-9912-4FBA-BE39-1850B31C57B9}.Release|Any CPU.ActiveCfg = Release|Any CPU
		{EF263CEA-9912-4FBA-BE39-1850B31C57B9}.Release|Any CPU.Build.0 = Release|Any CPU
	EndGlobalSection
	GlobalSection(SolutionProperties) = preSolution
		HideSolutionNode = FALSE
	EndGlobalSection
	GlobalSection(ExtensibilityGlobals) = postSolution
		SolutionGuid = {384A3978-40B4-40B4-A041-6BA5BB1A57A1}
	EndGlobalSection
EndGlobal
